
Microsoft Visual Studio Solution File, Format Version 12.00
# Visual Studio Version 17
VisualStudioVersion = 17.14.36127.28 d17.14
MinimumVisualStudioVersion = 10.0.40219.1
Project("{FAE04EC0-301F-11D3-BF4B-00C04F79EFBC}") = "Chapter02", "Chapter02\Chapter02.csproj", "{D5E48035-6CAC-4E4E-8F10-AC943871E3E1}"
EndProject
Global
	GlobalSection(SolutionConfigurationPlatforms) = preSolution
		Debug|Any CPU = Debug|Any CPU
		Release|Any CPU = Release|Any CPU
	EndGlobalSection
	GlobalSection(ProjectConfigurationPlatforms) = postSolution
		{D5E48035-6CAC-4E4E-8F10-AC943871E3E1}.Debug|Any CPU.ActiveCfg = Debug|Any CPU
		{D5E48035-6CAC-4E4E-8F10-AC943871E3E1}.Debug|Any CPU.Build.0 = Debug|Any CPU
		{D5E48035-6CAC-4E4E-8F10-AC943871E3E1}.Release|Any CPU.ActiveCfg = Release|Any CPU
		{D5E48035-6CAC-4E4E-8F10-AC943871E3E1}.Release|Any CPU.Build.0 = Release|Any CPU
	EndGlobalSection
	GlobalSection(SolutionProperties) = preSolution
		HideSolutionNode = FALSE
	EndGlobalSection
	GlobalSection(ExtensibilityGlobals) = postSolution
		SolutionGuid = {8435A2B5-D356-4802-8B5F-D2E6E499A45F}
	EndGlobalSection
EndGlobal
